
Microsoft Visual Studio Solution File, Format Version 12.00
# Visual Studio Version 16
VisualStudioVersion = 16.0.30523.141
MinimumVisualStudioVersion = 10.0.40219.1
Project("{8BC9CEB8-8B4A-11D0-8D11-00A0C91BC942}") = "Exo1", "Exo1\Exo1.vcxproj", "{A668254E-3202-4022-983D-B9D67AA419F5}"
EndProject
Project("{8BC9CEB8-8B4A-11D0-8D11-00A0C91BC942}") = "Exo2", "Exo2\Exo2.vcxproj", "{CB065DC4-F20F-42AF-8C7A-085A554F643C}"
EndProject
Project("{8BC9CEB8-8B4A-11D0-8D11-00A0C91BC942}") = "Exo3", "Exo3\Exo3.vcxproj", "{0A41FCD2-66C5-4B11-96B2-D7B9D60C6954}"
EndProject
Project("{8BC9CEB8-8B4A-11D0-8D11-00A0C91BC942}") = "Exo4", "Exo4\Exo4.vcxproj", "{3916C4FB-E565-4E42-A430-279BAE46EF0E}"
EndProject
Global
	GlobalSection(SolutionConfigurationPlatforms) = preSolution
		Debug|x64 = Debug|x64
		Debug|x86 = Debug|x86
		Release|x64 = Release|x64
		Release|x86 = Release|x86
	EndGlobalSection
	GlobalSection(ProjectConfigurationPlatforms) = postSolution
		{A668254E-3202-4022-983D-B9D67AA419F5}.Debug|x64.ActiveCfg = Debug|x64
		{A668254E-3202-4022-983D-B9D67AA419F5}.Debug|x64.Build.0 = Debug|x64
		{A668254E-3202-4022-983D-B9D67AA419F5}.Debug|x86.ActiveCfg = Debug|Win32
		{A668254E-3202-4022-983D-B9D67AA419F5}.Debug|x86.Build.0 = Debug|Win32
		{A668254E-3202-4022-983D-B9D67AA419F5}.Release|x64.ActiveCfg = Release|x64
		{A668254E-3202-4022-983D-B9D67AA419F5}.Release|x64.Build.0 = Release|x64
		{A668254E-3202-4022-983D-B9D67AA419F5}.Release|x86.ActiveCfg = Release|Win32
		{A668254E-3202-4022-983D-B9D67AA419F5}.Release|x86.Build.0 = Release|Win32
		{CB065DC4-F20F-42AF-8C7A-085A554F643C}.Debug|x64.ActiveCfg = Debug|x64
		{CB065DC4-F20F-42AF-8C7A-085A554F643C}.Debug|x64.Build.0 = Debug|x64
		{CB065DC4-F20F-42AF-8C7A-085A554F643C}.Debug|x86.ActiveCfg = Debug|Win32
		{CB065DC4-F20F-42AF-8C7A-085A554F643C}.Debug|x86.Build.0 = Debug|Win32
		{CB065DC4-F20F-42AF-8C7A-085A554F643C}.Release|x64.ActiveCfg = Release|x64
		{CB065DC4-F20F-42AF-8C7A-085A554F643C}.Release|x64.Build.0 = Release|x64
		{CB065DC4-F20F-42AF-8C7A-085A554F643C}.Release|x86.ActiveCfg = Release|Win32
		{CB065DC4-F20F-42AF-8C7A-085A554F643C}.Release|x86.Build.0 = Release|Win32
		{0A41FCD2-66C5-4B11-96B2-D7B9D60C6954}.Debug|x64.ActiveCfg = Debug|x64
		{0A41FCD2-66C5-4B11-96B2-D7B9D60C6954}.Debug|x64.Build.0 = Debug|x64
		{0A41FCD2-66C5-4B11-96B2-D7B9D60C6954}.Debug|x86.ActiveCfg = Debug|Win32
		{0A41FCD2-66C5-4B11-96B2-D7B9D60C6954}.Debug|x86.Build.0 = Debug|Win32
		{0A41FCD2-66C5-4B11-96B2-D7B9D60C6954}.Release|x64.ActiveCfg = Release|x64
		{0A41FCD2-66C5-4B11-96B2-D7B9D60C6954}.Release|x64.Build.0 = Release|x64
		{0A41FCD2-66C5-4B11-96B2-D7B9D60C6954}.Release|x86.ActiveCfg = Release|Win32
		{0A41FCD2-66C5-4B11-96B2-D7B9D60C6954}.Release|x86.Build.0 = Release|Win32
		{3916C4FB-E565-4E42-A430-279BAE46EF0E}.Debug|x64.ActiveCfg = Debug|x64
		{3916C4FB-E565-4E42-A430-279BAE46EF0E}.Debug|x64.Build.0 = Debug|x64
		{3916C4FB-E565-4E42-A430-279BAE46EF0E}.Debug|x86.ActiveCfg = Debug|Win32
		{3916C4FB-E565-4E42-A430-279BAE46EF0E}.Debug|x86.Build.0 = Debug|Win32
		{3916C4FB-E565-4E42-A430-279BAE46EF0E}.Release|x64.ActiveCfg = Release|x64
		{3916C4FB-E565-4E42-A430-279BAE46EF0E}.Release|x64.Build.0 = Release|x64
		{3916C4FB-E565-4E42-A430-279BAE46EF0E}.Release|x86.ActiveCfg = Release|Win32
		{3916C4FB-E565-4E42-A430-279BAE46EF0E}.Release|x86.Build.0 = Release|Win32
	EndGlobalSection
	GlobalSection(SolutionProperties) = preSolution
		HideSolutionNode = FALSE
	EndGlobalSection
	GlobalSection(ExtensibilityGlobals) = postSolution
		SolutionGuid = {B54BAA70-CACF-4869-B87B-F65685BE7417}
	EndGlobalSection
EndGlobal
